
Microsoft Visual Studio Solution File, Format Version 12.00
# Visual Studio 15
VisualStudioVersion = 15.0.27428.2037
MinimumVisualStudioVersion = 10.0.40219.1
Project("{FAE04EC0-301F-11D3-BF4B-00C04F79EFBC}") = "Lab24", "Lab24\Lab24.csproj", "{35A7855C-096B-472A-9357-83A6F015E24E}"
EndProject
Global
	GlobalSection(SolutionConfigurationPlatforms) = preSolution
		Debug|Any CPU = Debug|Any CPU
		Release|Any CPU = Release|Any CPU
	EndGlobalSection
	GlobalSection(ProjectConfigurationPlatforms) = postSolution
		{35A7855C-096B-472A-9357-83A6F015E24E}.Debug|Any CPU.ActiveCfg = Debug|Any CPU
		{35A7855C-096B-472A-9357-83A6F015E24E}.Debug|Any CPU.Build.0 = Debug|Any CPU
		{35A7855C-096B-472A-9357-83A6F015E24E}.Release|Any CPU.ActiveCfg = Release|Any CPU
		{35A7855C-096B-472A-9357-83A6F015E24E}.Release|Any CPU.Build.0 = Release|Any CPU
	EndGlobalSection
	GlobalSection(SolutionProperties) = preSolution
		HideSolutionNode = FALSE
	EndGlobalSection
	GlobalSection(ExtensibilityGlobals) = postSolution
		SolutionGuid = {EE5429D4-8054-4B0D-BA45-3EB447DB496E}
	EndGlobalSection
EndGlobal
